
Microsoft Visual Studio Solution File, Format Version 12.00
# Visual Studio Version 17
VisualStudioVersion = 17.3.32901.215
MinimumVisualStudioVersion = 10.0.40219.1
Project("{FAE04EC0-301F-11D3-BF4B-00C04F79EFBC}") = "AuthService", "AuthService\AuthService.csproj", "{0161CD45-A911-49D2-9117-CA7B582D2094}"
EndProject
Project("{FAE04EC0-301F-11D3-BF4B-00C04F79EFBC}") = "restaurantUtility", "restaurantUtility\restaurantUtility.csproj", "{167D64CC-AB42-44B0-9E85-9869D7B0BB61}"
EndProject
Global
	GlobalSection(SolutionConfigurationPlatforms) = preSolution
		Debug|Any CPU = Debug|Any CPU
		Release|Any CPU = Release|Any CPU
	EndGlobalSection
	GlobalSection(ProjectConfigurationPlatforms) = postSolution
		{0161CD45-A911-49D2-9117-CA7B582D2094}.Debug|Any CPU.ActiveCfg = Debug|Any CPU
		{0161CD45-A911-49D2-9117-CA7B582D2094}.Debug|Any CPU.Build.0 = Debug|Any CPU
		{0161CD45-A911-49D2-9117-CA7B582D2094}.Release|Any CPU.ActiveCfg = Release|Any CPU
		{0161CD45-A911-49D2-9117-CA7B582D2094}.Release|Any CPU.Build.0 = Release|Any CPU
		{167D64CC-AB42-44B0-9E85-9869D7B0BB61}.Debug|Any CPU.ActiveCfg = Debug|Any CPU
		{167D64CC-AB42-44B0-9E85-9869D7B0BB61}.Debug|Any CPU.Build.0 = Debug|Any CPU
		{167D64CC-AB42-44B0-9E85-9869D7B0BB61}.Release|Any CPU.ActiveCfg = Release|Any CPU
		{167D64CC-AB42-44B0-9E85-9869D7B0BB61}.Release|Any CPU.Build.0 = Release|Any CPU
	EndGlobalSection
	GlobalSection(SolutionProperties) = preSolution
		HideSolutionNode = FALSE
	EndGlobalSection
	GlobalSection(ExtensibilityGlobals) = postSolution
		SolutionGuid = {669048B4-4226-426A-A473-E928C5D16497}
	EndGlobalSection
EndGlobal
